
Microsoft Visual Studio Solution File, Format Version 12.00
# Visual Studio Version 17
VisualStudioVersion = 17.9.34723.18
MinimumVisualStudioVersion = 10.0.40219.1
Project("{2150E333-8FDC-42A3-9474-1A3956D46DE8}") = "src", "src", "{C0A8281A-AB8A-4DA9-BED1-2E461329CA61}"
EndProject
Project("{2150E333-8FDC-42A3-9474-1A3956D46DE8}") = "tests", "tests", "{DF2927F0-7026-4691-8E8E-C4FEA2165386}"
EndProject
Project("{9A19103F-16F7-4668-BE54-9A1E7A4F7556}") = "test01.Domain", "src\test01.Domain\test01.Domain.csproj", "{5CAA4D8D-C169-4BF6-8BD3-0B5CB68B33FE}"
EndProject
Project("{9A19103F-16F7-4668-BE54-9A1E7A4F7556}") = "test01.Internal.Contract", "src\test01.Internal.Contract\test01.Internal.Contract.csproj", "{23778D20-4654-4B09-8367-14D4C904077E}"
EndProject
Project("{9A19103F-16F7-4668-BE54-9A1E7A4F7556}") = "test01.Persistence", "src\test01.Persistence\test01.Persistence.csproj", "{C4AF0195-AB30-4130-8004-D7EA14E0BFAB}"
EndProject
Project("{9A19103F-16F7-4668-BE54-9A1E7A4F7556}") = "test01.Api", "src\test01.Api\test01.Api.csproj", "{3128E4B3-524D-4F54-A0CF-AB6EA8126B53}"
EndProject
Project("{9A19103F-16F7-4668-BE54-9A1E7A4F7556}") = "test01.Service", "src\test01.Service\test01.Service.csproj", "{E463AC1F-83A3-4822-B49E-DA0E03D3D915}"
EndProject
Project("{9A19103F-16F7-4668-BE54-9A1E7A4F7556}") = "test01.Application", "src\test01.Application\test01.Application.csproj", "{FF9C61EA-8102-4C9B-815F-6BAF83CEB644}"
EndProject
Project("{9A19103F-16F7-4668-BE54-9A1E7A4F7556}") = "test01.Database", "src\test01.Database\test01.Database.csproj", "{1B7FDEEB-2FE8-4348-B181-BC36BE467E4C}"
EndProject
Project("{9A19103F-16F7-4668-BE54-9A1E7A4F7556}") = "test01.UnitTest", "tests\test01.UnitTest\test01.UnitTest.csproj", "{2344836F-D2BC-4694-86E2-D70E09F31769}"
EndProject
Global
	GlobalSection(SolutionConfigurationPlatforms) = preSolution
		Debug|Any CPU = Debug|Any CPU
		Release|Any CPU = Release|Any CPU
	EndGlobalSection
	GlobalSection(ProjectConfigurationPlatforms) = postSolution
		{5CAA4D8D-C169-4BF6-8BD3-0B5CB68B33FE}.Debug|Any CPU.ActiveCfg = Debug|Any CPU
		{5CAA4D8D-C169-4BF6-8BD3-0B5CB68B33FE}.Debug|Any CPU.Build.0 = Debug|Any CPU
		{5CAA4D8D-C169-4BF6-8BD3-0B5CB68B33FE}.Release|Any CPU.ActiveCfg = Release|Any CPU
		{5CAA4D8D-C169-4BF6-8BD3-0B5CB68B33FE}.Release|Any CPU.Build.0 = Release|Any CPU
		{23778D20-4654-4B09-8367-14D4C904077E}.Debug|Any CPU.ActiveCfg = Debug|Any CPU
		{23778D20-4654-4B09-8367-14D4C904077E}.Debug|Any CPU.Build.0 = Debug|Any CPU
		{23778D20-4654-4B09-8367-14D4C904077E}.Release|Any CPU.ActiveCfg = Release|Any CPU
		{23778D20-4654-4B09-8367-14D4C904077E}.Release|Any CPU.Build.0 = Release|Any CPU
		{C4AF0195-AB30-4130-8004-D7EA14E0BFAB}.Debug|Any CPU.ActiveCfg = Debug|Any CPU
		{C4AF0195-AB30-4130-8004-D7EA14E0BFAB}.Debug|Any CPU.Build.0 = Debug|Any CPU
		{C4AF0195-AB30-4130-8004-D7EA14E0BFAB}.Release|Any CPU.ActiveCfg = Release|Any CPU
		{C4AF0195-AB30-4130-8004-D7EA14E0BFAB}.Release|Any CPU.Build.0 = Release|Any CPU
		{3128E4B3-524D-4F54-A0CF-AB6EA8126B53}.Debug|Any CPU.ActiveCfg = Debug|Any CPU
		{3128E4B3-524D-4F54-A0CF-AB6EA8126B53}.Debug|Any CPU.Build.0 = Debug|Any CPU
		{3128E4B3-524D-4F54-A0CF-AB6EA8126B53}.Release|Any CPU.ActiveCfg = Release|Any CPU
		{3128E4B3-524D-4F54-A0CF-AB6EA8126B53}.Release|Any CPU.Build.0 = Release|Any CPU
		{E463AC1F-83A3-4822-B49E-DA0E03D3D915}.Debug|Any CPU.ActiveCfg = Debug|Any CPU
		{E463AC1F-83A3-4822-B49E-DA0E03D3D915}.Debug|Any CPU.Build.0 = Debug|Any CPU
		{E463AC1F-83A3-4822-B49E-DA0E03D3D915}.Release|Any CPU.ActiveCfg = Release|Any CPU
		{E463AC1F-83A3-4822-B49E-DA0E03D3D915}.Release|Any CPU.Build.0 = Release|Any CPU
		{FF9C61EA-8102-4C9B-815F-6BAF83CEB644}.Debug|Any CPU.ActiveCfg = Debug|Any CPU
		{FF9C61EA-8102-4C9B-815F-6BAF83CEB644}.Debug|Any CPU.Build.0 = Debug|Any CPU
		{FF9C61EA-8102-4C9B-815F-6BAF83CEB644}.Release|Any CPU.ActiveCfg = Release|Any CPU
		{FF9C61EA-8102-4C9B-815F-6BAF83CEB644}.Release|Any CPU.Build.0 = Release|Any CPU
		{1B7FDEEB-2FE8-4348-B181-BC36BE467E4C}.Debug|Any CPU.ActiveCfg = Debug|Any CPU
		{1B7FDEEB-2FE8-4348-B181-BC36BE467E4C}.Debug|Any CPU.Build.0 = Debug|Any CPU
		{1B7FDEEB-2FE8-4348-B181-BC36BE467E4C}.Release|Any CPU.ActiveCfg = Release|Any CPU
		{1B7FDEEB-2FE8-4348-B181-BC36BE467E4C}.Release|Any CPU.Build.0 = Release|Any CPU
		{2344836F-D2BC-4694-86E2-D70E09F31769}.Debug|Any CPU.ActiveCfg = Debug|Any CPU
		{2344836F-D2BC-4694-86E2-D70E09F31769}.Debug|Any CPU.Build.0 = Debug|Any CPU
		{2344836F-D2BC-4694-86E2-D70E09F31769}.Release|Any CPU.ActiveCfg = Release|Any CPU
		{2344836F-D2BC-4694-86E2-D70E09F31769}.Release|Any CPU.Build.0 = Release|Any CPU
	EndGlobalSection
	GlobalSection(SolutionProperties) = preSolution
		HideSolutionNode = FALSE
	EndGlobalSection
	GlobalSection(NestedProjects) = preSolution
		{5CAA4D8D-C169-4BF6-8BD3-0B5CB68B33FE} = {C0A8281A-AB8A-4DA9-BED1-2E461329CA61}
		{23778D20-4654-4B09-8367-14D4C904077E} = {C0A8281A-AB8A-4DA9-BED1-2E461329CA61}
		{C4AF0195-AB30-4130-8004-D7EA14E0BFAB} = {C0A8281A-AB8A-4DA9-BED1-2E461329CA61}
		{3128E4B3-524D-4F54-A0CF-AB6EA8126B53} = {C0A8281A-AB8A-4DA9-BED1-2E461329CA61}
		{E463AC1F-83A3-4822-B49E-DA0E03D3D915} = {C0A8281A-AB8A-4DA9-BED1-2E461329CA61}
		{FF9C61EA-8102-4C9B-815F-6BAF83CEB644} = {C0A8281A-AB8A-4DA9-BED1-2E461329CA61}
		{1B7FDEEB-2FE8-4348-B181-BC36BE467E4C} = {C0A8281A-AB8A-4DA9-BED1-2E461329CA61}
		{2344836F-D2BC-4694-86E2-D70E09F31769} = {DF2927F0-7026-4691-8E8E-C4FEA2165386}
	EndGlobalSection
	GlobalSection(ExtensibilityGlobals) = postSolution
		SolutionGuid = {B47FC004-561C-4285-BAF2-128F6CCF3624}
	EndGlobalSection
EndGlobal
